
Microsoft Visual Studio Solution File, Format Version 12.00
# Visual Studio Version 17
VisualStudioVersion = 17.12.35707.178 d17.12
MinimumVisualStudioVersion = 10.0.40219.1
Project("{FAE04EC0-301F-11D3-BF4B-00C04F79EFBC}") = "StudentApp", "StudentApp\StudentApp.csproj", "{B48FC011-68B7-4710-9D3D-75258CA2CAF5}"
EndProject
Global
	GlobalSection(SolutionConfigurationPlatforms) = preSolution
		Debug|Any CPU = Debug|Any CPU
		Release|Any CPU = Release|Any CPU
	EndGlobalSection
	GlobalSection(ProjectConfigurationPlatforms) = postSolution
		{B48FC011-68B7-4710-9D3D-75258CA2CAF5}.Debug|Any CPU.ActiveCfg = Debug|Any CPU
		{B48FC011-68B7-4710-9D3D-75258CA2CAF5}.Debug|Any CPU.Build.0 = Debug|Any CPU
		{B48FC011-68B7-4710-9D3D-75258CA2CAF5}.Release|Any CPU.ActiveCfg = Release|Any CPU
		{B48FC011-68B7-4710-9D3D-75258CA2CAF5}.Release|Any CPU.Build.0 = Release|Any CPU
	EndGlobalSection
	GlobalSection(SolutionProperties) = preSolution
		HideSolutionNode = FALSE
	EndGlobalSection
EndGlobal
